
Microsoft Visual Studio Solution File, Format Version 12.00
# Visual Studio 15
VisualStudioVersion = 15.0.26124.0
MinimumVisualStudioVersion = 15.0.26124.0
Project("{FAE04EC0-301F-11D3-BF4B-00C04F79EFBC}") = "lab6", "UserInterface\lab6.csproj", "{859A7237-5517-43D4-82C0-56AEC3696842}"
EndProject
Project("{FAE04EC0-301F-11D3-BF4B-00C04F79EFBC}") = "ProductRepository", "ProductRepository\ProductRepository.csproj", "{15BC4428-0B9D-4C35-8D31-E37ABA4C26FF}"
EndProject
Global
	GlobalSection(SolutionConfigurationPlatforms) = preSolution
		Debug|Any CPU = Debug|Any CPU
		Debug|x64 = Debug|x64
		Debug|x86 = Debug|x86
		Release|Any CPU = Release|Any CPU
		Release|x64 = Release|x64
		Release|x86 = Release|x86
	EndGlobalSection
	GlobalSection(SolutionProperties) = preSolution
		HideSolutionNode = FALSE
	EndGlobalSection
	GlobalSection(ProjectConfigurationPlatforms) = postSolution
		{859A7237-5517-43D4-82C0-56AEC3696842}.Debug|Any CPU.ActiveCfg = Debug|Any CPU
		{859A7237-5517-43D4-82C0-56AEC3696842}.Debug|Any CPU.Build.0 = Debug|Any CPU
		{859A7237-5517-43D4-82C0-56AEC3696842}.Debug|x64.ActiveCfg = Debug|Any CPU
		{859A7237-5517-43D4-82C0-56AEC3696842}.Debug|x64.Build.0 = Debug|Any CPU
		{859A7237-5517-43D4-82C0-56AEC3696842}.Debug|x86.ActiveCfg = Debug|Any CPU
		{859A7237-5517-43D4-82C0-56AEC3696842}.Debug|x86.Build.0 = Debug|Any CPU
		{859A7237-5517-43D4-82C0-56AEC3696842}.Release|Any CPU.ActiveCfg = Release|Any CPU
		{859A7237-5517-43D4-82C0-56AEC3696842}.Release|Any CPU.Build.0 = Release|Any CPU
		{859A7237-5517-43D4-82C0-56AEC3696842}.Release|x64.ActiveCfg = Release|Any CPU
		{859A7237-5517-43D4-82C0-56AEC3696842}.Release|x64.Build.0 = Release|Any CPU
		{859A7237-5517-43D4-82C0-56AEC3696842}.Release|x86.ActiveCfg = Release|Any CPU
		{859A7237-5517-43D4-82C0-56AEC3696842}.Release|x86.Build.0 = Release|Any CPU
		{15BC4428-0B9D-4C35-8D31-E37ABA4C26FF}.Debug|Any CPU.ActiveCfg = Debug|Any CPU
		{15BC4428-0B9D-4C35-8D31-E37ABA4C26FF}.Debug|Any CPU.Build.0 = Debug|Any CPU
		{15BC4428-0B9D-4C35-8D31-E37ABA4C26FF}.Debug|x64.ActiveCfg = Debug|Any CPU
		{15BC4428-0B9D-4C35-8D31-E37ABA4C26FF}.Debug|x64.Build.0 = Debug|Any CPU
		{15BC4428-0B9D-4C35-8D31-E37ABA4C26FF}.Debug|x86.ActiveCfg = Debug|Any CPU
		{15BC4428-0B9D-4C35-8D31-E37ABA4C26FF}.Debug|x86.Build.0 = Debug|Any CPU
		{15BC4428-0B9D-4C35-8D31-E37ABA4C26FF}.Release|Any CPU.ActiveCfg = Release|Any CPU
		{15BC4428-0B9D-4C35-8D31-E37ABA4C26FF}.Release|Any CPU.Build.0 = Release|Any CPU
		{15BC4428-0B9D-4C35-8D31-E37ABA4C26FF}.Release|x64.ActiveCfg = Release|Any CPU
		{15BC4428-0B9D-4C35-8D31-E37ABA4C26FF}.Release|x64.Build.0 = Release|Any CPU
		{15BC4428-0B9D-4C35-8D31-E37ABA4C26FF}.Release|x86.ActiveCfg = Release|Any CPU
		{15BC4428-0B9D-4C35-8D31-E37ABA4C26FF}.Release|x86.Build.0 = Release|Any CPU
	EndGlobalSection
EndGlobal
